
Microsoft Visual Studio Solution File, Format Version 12.00
# Visual Studio Version 16
VisualStudioVersion = 16.0.34301.259
MinimumVisualStudioVersion = 10.0.40219.1
Project("{FAE04EC0-301F-11D3-BF4B-00C04F79EFBC}") = "CarInsuranceQualification", "CarInsuranceQualification\CarInsuranceQualification.csproj", "{AD782217-039C-40D0-9FB6-86D1764F2E14}"
EndProject
Global
	GlobalSection(SolutionConfigurationPlatforms) = preSolution
		Debug|Any CPU = Debug|Any CPU
		Release|Any CPU = Release|Any CPU
	EndGlobalSection
	GlobalSection(ProjectConfigurationPlatforms) = postSolution
		{AD782217-039C-40D0-9FB6-86D1764F2E14}.Debug|Any CPU.ActiveCfg = Debug|Any CPU
		{AD782217-039C-40D0-9FB6-86D1764F2E14}.Debug|Any CPU.Build.0 = Debug|Any CPU
		{AD782217-039C-40D0-9FB6-86D1764F2E14}.Release|Any CPU.ActiveCfg = Release|Any CPU
		{AD782217-039C-40D0-9FB6-86D1764F2E14}.Release|Any CPU.Build.0 = Release|Any CPU
	EndGlobalSection
	GlobalSection(SolutionProperties) = preSolution
		HideSolutionNode = FALSE
	EndGlobalSection
	GlobalSection(ExtensibilityGlobals) = postSolution
		SolutionGuid = {C200F148-331D-4C50-9025-F3E03D9DDADE}
	EndGlobalSection
EndGlobal
